
Microsoft Visual Studio Solution File, Format Version 12.00
# Visual Studio Version 16
VisualStudioVersion = 16.0.32413.511
MinimumVisualStudioVersion = 10.0.40219.1
Project("{FAE04EC0-301F-11D3-BF4B-00C04F79EFBC}") = "HomeApp", "HomeApp\HomeApp.csproj", "{32B6E502-C5FD-4F9A-B40E-DF2E36563640}"
EndProject
Global
	GlobalSection(SolutionConfigurationPlatforms) = preSolution
		Debug|Any CPU = Debug|Any CPU
		Release|Any CPU = Release|Any CPU
	EndGlobalSection
	GlobalSection(ProjectConfigurationPlatforms) = postSolution
		{32B6E502-C5FD-4F9A-B40E-DF2E36563640}.Debug|Any CPU.ActiveCfg = Debug|Any CPU
		{32B6E502-C5FD-4F9A-B40E-DF2E36563640}.Debug|Any CPU.Build.0 = Debug|Any CPU
		{32B6E502-C5FD-4F9A-B40E-DF2E36563640}.Release|Any CPU.ActiveCfg = Release|Any CPU
		{32B6E502-C5FD-4F9A-B40E-DF2E36563640}.Release|Any CPU.Build.0 = Release|Any CPU
	EndGlobalSection
	GlobalSection(SolutionProperties) = preSolution
		HideSolutionNode = FALSE
	EndGlobalSection
	GlobalSection(ExtensibilityGlobals) = postSolution
		SolutionGuid = {D6D04104-0E6F-47D4-A8A3-D1CA1605CCF2}
	EndGlobalSection
EndGlobal
