
Microsoft Visual Studio Solution File, Format Version 12.00
# Visual Studio Version 17
VisualStudioVersion = 17.3.32901.215
MinimumVisualStudioVersion = 10.0.40219.1
Project("{FAE04EC0-301F-11D3-BF4B-00C04F79EFBC}") = "DatabaseService", "DatabaseService\DatabaseService.csproj", "{0047DF9E-66D7-48F9-A3A3-8799F87FEFA6}"
EndProject
Global
	GlobalSection(SolutionConfigurationPlatforms) = preSolution
		Debug|Any CPU = Debug|Any CPU
		Release|Any CPU = Release|Any CPU
	EndGlobalSection
	GlobalSection(ProjectConfigurationPlatforms) = postSolution
		{0047DF9E-66D7-48F9-A3A3-8799F87FEFA6}.Debug|Any CPU.ActiveCfg = Debug|Any CPU
		{0047DF9E-66D7-48F9-A3A3-8799F87FEFA6}.Debug|Any CPU.Build.0 = Debug|Any CPU
		{0047DF9E-66D7-48F9-A3A3-8799F87FEFA6}.Release|Any CPU.ActiveCfg = Release|Any CPU
		{0047DF9E-66D7-48F9-A3A3-8799F87FEFA6}.Release|Any CPU.Build.0 = Release|Any CPU
	EndGlobalSection
	GlobalSection(SolutionProperties) = preSolution
		HideSolutionNode = FALSE
	EndGlobalSection
	GlobalSection(ExtensibilityGlobals) = postSolution
		SolutionGuid = {B34D1633-3E56-4CFE-8B8A-B16254B8D000}
	EndGlobalSection
EndGlobal
